
Microsoft Visual Studio Solution File, Format Version 12.00
# Visual Studio Version 17
VisualStudioVersion = 17.9.34723.18
MinimumVisualStudioVersion = 10.0.40219.1
Project("{8BC9CEB8-8B4A-11D0-8D11-00A0C91BC942}") = "Physics_engine", "Physics_engine.vcxproj", "{526168EA-F480-477F-A336-95F98D9BA37E}"
EndProject
Global
	GlobalSection(SolutionConfigurationPlatforms) = preSolution
		Debug|x64 = Debug|x64
		Debug|x86 = Debug|x86
		Release|x64 = Release|x64
		Release|x86 = Release|x86
	EndGlobalSection
	GlobalSection(ProjectConfigurationPlatforms) = postSolution
		{526168EA-F480-477F-A336-95F98D9BA37E}.Debug|x64.ActiveCfg = Debug|x64
		{526168EA-F480-477F-A336-95F98D9BA37E}.Debug|x64.Build.0 = Debug|x64
		{526168EA-F480-477F-A336-95F98D9BA37E}.Debug|x86.ActiveCfg = Debug|Win32
		{526168EA-F480-477F-A336-95F98D9BA37E}.Debug|x86.Build.0 = Debug|Win32
		{526168EA-F480-477F-A336-95F98D9BA37E}.Release|x64.ActiveCfg = Release|x64
		{526168EA-F480-477F-A336-95F98D9BA37E}.Release|x64.Build.0 = Release|x64
		{526168EA-F480-477F-A336-95F98D9BA37E}.Release|x86.ActiveCfg = Release|Win32
		{526168EA-F480-477F-A336-95F98D9BA37E}.Release|x86.Build.0 = Release|Win32
	EndGlobalSection
	GlobalSection(SolutionProperties) = preSolution
		HideSolutionNode = FALSE
	EndGlobalSection
	GlobalSection(ExtensibilityGlobals) = postSolution
		SolutionGuid = {568346C0-B6CC-4982-92F2-C5CDACDC0A98}
	EndGlobalSection
EndGlobal
